
Microsoft Visual Studio Solution File, Format Version 12.00
# Visual Studio Version 17
VisualStudioVersion = 17.7.34024.191
MinimumVisualStudioVersion = 10.0.40219.1
Project("{FAE04EC0-301F-11D3-BF4B-00C04F79EFBC}") = "WebSite-161", "WebSite-161\WebSite-161.csproj", "{B113229C-4F98-4D5B-B014-1ABD9EDDC8F6}"
EndProject
Global
	GlobalSection(SolutionConfigurationPlatforms) = preSolution
		Debug|Any CPU = Debug|Any CPU
		Release|Any CPU = Release|Any CPU
	EndGlobalSection
	GlobalSection(ProjectConfigurationPlatforms) = postSolution
		{B113229C-4F98-4D5B-B014-1ABD9EDDC8F6}.Debug|Any CPU.ActiveCfg = Debug|Any CPU
		{B113229C-4F98-4D5B-B014-1ABD9EDDC8F6}.Debug|Any CPU.Build.0 = Debug|Any CPU
		{B113229C-4F98-4D5B-B014-1ABD9EDDC8F6}.Release|Any CPU.ActiveCfg = Release|Any CPU
		{B113229C-4F98-4D5B-B014-1ABD9EDDC8F6}.Release|Any CPU.Build.0 = Release|Any CPU
	EndGlobalSection
	GlobalSection(SolutionProperties) = preSolution
		HideSolutionNode = FALSE
	EndGlobalSection
	GlobalSection(ExtensibilityGlobals) = postSolution
		SolutionGuid = {FF2438E9-9EF2-46DB-B612-20BA3A5070AD}
	EndGlobalSection
EndGlobal
